
Microsoft Visual Studio Solution File, Format Version 12.00
# Visual Studio Version 17
VisualStudioVersion = 17.9.34714.143
MinimumVisualStudioVersion = 10.0.40219.1
Project("{FAE04EC0-301F-11D3-BF4B-00C04F79EFBC}") = "openai addin word", "openai addin word\openai addin word.csproj", "{5B96B95C-A00B-42AA-89C3-1CD9866B2B0E}"
EndProject
Project("{FAE04EC0-301F-11D3-BF4B-00C04F79EFBC}") = "openai addin wordWeb", "openai addin wordWeb\openai addin wordWeb.csproj", "{D366EF81-D520-431D-BD3B-9F60F6B0B841}"
EndProject
Global
	GlobalSection(SolutionConfigurationPlatforms) = preSolution
		Debug|Any CPU = Debug|Any CPU
		Release|Any CPU = Release|Any CPU
	EndGlobalSection
	GlobalSection(ProjectConfigurationPlatforms) = postSolution
		{5B96B95C-A00B-42AA-89C3-1CD9866B2B0E}.Debug|Any CPU.ActiveCfg = Debug|Any CPU
		{5B96B95C-A00B-42AA-89C3-1CD9866B2B0E}.Debug|Any CPU.Build.0 = Debug|Any CPU
		{5B96B95C-A00B-42AA-89C3-1CD9866B2B0E}.Debug|Any CPU.Deploy.0 = Debug|Any CPU
		{5B96B95C-A00B-42AA-89C3-1CD9866B2B0E}.Release|Any CPU.ActiveCfg = Release|Any CPU
		{5B96B95C-A00B-42AA-89C3-1CD9866B2B0E}.Release|Any CPU.Build.0 = Release|Any CPU
		{5B96B95C-A00B-42AA-89C3-1CD9866B2B0E}.Release|Any CPU.Deploy.0 = Release|Any CPU
		{D366EF81-D520-431D-BD3B-9F60F6B0B841}.Debug|Any CPU.ActiveCfg = Debug|Any CPU
		{D366EF81-D520-431D-BD3B-9F60F6B0B841}.Debug|Any CPU.Build.0 = Debug|Any CPU
		{D366EF81-D520-431D-BD3B-9F60F6B0B841}.Release|Any CPU.ActiveCfg = Release|Any CPU
		{D366EF81-D520-431D-BD3B-9F60F6B0B841}.Release|Any CPU.Build.0 = Release|Any CPU
	EndGlobalSection
	GlobalSection(SolutionProperties) = preSolution
		HideSolutionNode = FALSE
	EndGlobalSection
	GlobalSection(ExtensibilityGlobals) = postSolution
		SolutionGuid = {7DFC75B4-BC1B-4B17-9D43-E77595F8D099}
	EndGlobalSection
EndGlobal
